
Microsoft Visual Studio Solution File, Format Version 12.00
# Visual Studio Version 17
VisualStudioVersion = 17.9.34723.18
MinimumVisualStudioVersion = 10.0.40219.1
Project("{FAE04EC0-301F-11D3-BF4B-00C04F79EFBC}") = "Lista 2 - C#", "Lista 2 - C#\Lista 2 - C#.csproj", "{39B8CFEA-7416-41E9-9768-E9183F8B94BC}"
EndProject
Global
	GlobalSection(SolutionConfigurationPlatforms) = preSolution
		Debug|Any CPU = Debug|Any CPU
		Release|Any CPU = Release|Any CPU
	EndGlobalSection
	GlobalSection(ProjectConfigurationPlatforms) = postSolution
		{39B8CFEA-7416-41E9-9768-E9183F8B94BC}.Debug|Any CPU.ActiveCfg = Debug|Any CPU
		{39B8CFEA-7416-41E9-9768-E9183F8B94BC}.Debug|Any CPU.Build.0 = Debug|Any CPU
		{39B8CFEA-7416-41E9-9768-E9183F8B94BC}.Release|Any CPU.ActiveCfg = Release|Any CPU
		{39B8CFEA-7416-41E9-9768-E9183F8B94BC}.Release|Any CPU.Build.0 = Release|Any CPU
	EndGlobalSection
	GlobalSection(SolutionProperties) = preSolution
		HideSolutionNode = FALSE
	EndGlobalSection
	GlobalSection(ExtensibilityGlobals) = postSolution
		SolutionGuid = {66077077-A044-423C-8B2C-B7E80C3A4D27}
	EndGlobalSection
EndGlobal
